
Microsoft Visual Studio Solution File, Format Version 12.00
# Visual Studio 14
VisualStudioVersion = 14.0.22609.0
MinimumVisualStudioVersion = 10.0.40219.1
Project("{2150E333-8FDC-42A3-9474-1A3956D46DE8}") = "src", "src", "{5EC8E852-C7EA-41F4-89A4-FBFA48E6161B}"
EndProject
Project("{2150E333-8FDC-42A3-9474-1A3956D46DE8}") = "Solution Items", "Solution Items", "{DEEEAA85-EE95-482A-A0B5-99F8CF6DEBB9}"
	ProjectSection(SolutionItems) = preProject
		global.json = global.json
	EndProjectSection
EndProject
Project("{8BB2217D-0F2D-49D1-97BC-3654ED321F3B}") = "WebApplication1", "src\WebApplication1\WebApplication1.kproj", "{B8DF66EC-C21A-4206-BB3E-1D2383B61E5C}"
EndProject
Global
	GlobalSection(SolutionConfigurationPlatforms) = preSolution
		Debug|Any CPU = Debug|Any CPU
		Release|Any CPU = Release|Any CPU
	EndGlobalSection
	GlobalSection(ProjectConfigurationPlatforms) = postSolution
		{B8DF66EC-C21A-4206-BB3E-1D2383B61E5C}.Debug|Any CPU.ActiveCfg = Debug|Any CPU
		{B8DF66EC-C21A-4206-BB3E-1D2383B61E5C}.Debug|Any CPU.Build.0 = Debug|Any CPU
		{B8DF66EC-C21A-4206-BB3E-1D2383B61E5C}.Release|Any CPU.ActiveCfg = Release|Any CPU
		{B8DF66EC-C21A-4206-BB3E-1D2383B61E5C}.Release|Any CPU.Build.0 = Release|Any CPU
	EndGlobalSection
	GlobalSection(SolutionProperties) = preSolution
		HideSolutionNode = FALSE
	EndGlobalSection
	GlobalSection(NestedProjects) = preSolution
		{B8DF66EC-C21A-4206-BB3E-1D2383B61E5C} = {5EC8E852-C7EA-41F4-89A4-FBFA48E6161B}
	EndGlobalSection
EndGlobal
